
Microsoft Visual Studio Solution File, Format Version 12.00
# Visual Studio 15
VisualStudioVersion = 15.0.28307.421
MinimumVisualStudioVersion = 10.0.40219.1
Project("{FAE04EC0-301F-11D3-BF4B-00C04F79EFBC}") = "PageDLL", "PageDLL\PageDLL.csproj", "{EEEB45B4-799B-43EF-AB92-CAC883A8C0F4}"
EndProject
Global
	GlobalSection(SolutionConfigurationPlatforms) = preSolution
		Debug|Any CPU = Debug|Any CPU
		Release|Any CPU = Release|Any CPU
	EndGlobalSection
	GlobalSection(ProjectConfigurationPlatforms) = postSolution
		{EEEB45B4-799B-43EF-AB92-CAC883A8C0F4}.Debug|Any CPU.ActiveCfg = Debug|Any CPU
		{EEEB45B4-799B-43EF-AB92-CAC883A8C0F4}.Debug|Any CPU.Build.0 = Debug|Any CPU
		{EEEB45B4-799B-43EF-AB92-CAC883A8C0F4}.Release|Any CPU.ActiveCfg = Release|Any CPU
		{EEEB45B4-799B-43EF-AB92-CAC883A8C0F4}.Release|Any CPU.Build.0 = Release|Any CPU
	EndGlobalSection
	GlobalSection(SolutionProperties) = preSolution
		HideSolutionNode = FALSE
	EndGlobalSection
	GlobalSection(ExtensibilityGlobals) = postSolution
		SolutionGuid = {6D8BC782-35CB-4A63-8CEC-2F9310C280DF}
	EndGlobalSection
EndGlobal
